
Microsoft Visual Studio Solution File, Format Version 12.00
# Visual Studio Version 17
VisualStudioVersion = 17.8.34309.116
MinimumVisualStudioVersion = 10.0.40219.1
Project("{FAE04EC0-301F-11D3-BF4B-00C04F79EFBC}") = "WEB_API_ALUMNOS", "WEB_API_ALUMNOS\WEB_API_ALUMNOS.csproj", "{4321494A-D052-47BD-A2F6-254B242839EF}"
EndProject
Global
	GlobalSection(SolutionConfigurationPlatforms) = preSolution
		Debug|Any CPU = Debug|Any CPU
		Release|Any CPU = Release|Any CPU
	EndGlobalSection
	GlobalSection(ProjectConfigurationPlatforms) = postSolution
		{4321494A-D052-47BD-A2F6-254B242839EF}.Debug|Any CPU.ActiveCfg = Debug|Any CPU
		{4321494A-D052-47BD-A2F6-254B242839EF}.Debug|Any CPU.Build.0 = Debug|Any CPU
		{4321494A-D052-47BD-A2F6-254B242839EF}.Release|Any CPU.ActiveCfg = Release|Any CPU
		{4321494A-D052-47BD-A2F6-254B242839EF}.Release|Any CPU.Build.0 = Release|Any CPU
	EndGlobalSection
	GlobalSection(SolutionProperties) = preSolution
		HideSolutionNode = FALSE
	EndGlobalSection
	GlobalSection(ExtensibilityGlobals) = postSolution
		SolutionGuid = {74DFE5ED-45FC-4A78-942D-1C0DA5753873}
	EndGlobalSection
EndGlobal
